
Microsoft Visual Studio Solution File, Format Version 12.00
# Visual Studio 15
VisualStudioVersion = 15.0.27004.2010
MinimumVisualStudioVersion = 10.0.40219.1
Project("{FAE04EC0-301F-11D3-BF4B-00C04F79EFBC}") = "WpfApp1", "WpfApp1\WpfApp1.csproj", "{740FE42C-5C45-489E-83B8-185CC5C50839}"
EndProject
Global
	GlobalSection(SolutionConfigurationPlatforms) = preSolution
		Debug|Any CPU = Debug|Any CPU
		Release|Any CPU = Release|Any CPU
	EndGlobalSection
	GlobalSection(ProjectConfigurationPlatforms) = postSolution
		{740FE42C-5C45-489E-83B8-185CC5C50839}.Debug|Any CPU.ActiveCfg = Debug|Any CPU
		{740FE42C-5C45-489E-83B8-185CC5C50839}.Debug|Any CPU.Build.0 = Debug|Any CPU
		{740FE42C-5C45-489E-83B8-185CC5C50839}.Release|Any CPU.ActiveCfg = Release|Any CPU
		{740FE42C-5C45-489E-83B8-185CC5C50839}.Release|Any CPU.Build.0 = Release|Any CPU
	EndGlobalSection
	GlobalSection(SolutionProperties) = preSolution
		HideSolutionNode = FALSE
	EndGlobalSection
	GlobalSection(ExtensibilityGlobals) = postSolution
		SolutionGuid = {C7DBF171-29CB-451E-B7FA-A2A349ECC7DB}
	EndGlobalSection
EndGlobal
